
Microsoft Visual Studio Solution File, Format Version 12.00
# Visual Studio Version 17
VisualStudioVersion = 17.8.34316.72
MinimumVisualStudioVersion = 10.0.40219.1
Project("{9A19103F-16F7-4668-BE54-9A1E7A4F7556}") = "ClientApp", "ClientApp\ClientApp.csproj", "{81E4A968-4AA6-4017-A2B9-B5006D1E1EED}"
EndProject
Project("{9A19103F-16F7-4668-BE54-9A1E7A4F7556}") = "Server", "Server\Server.csproj", "{A3F38FF4-1DE5-4E7B-BCAD-E6BCE19B1D97}"
EndProject
Project("{9A19103F-16F7-4668-BE54-9A1E7A4F7556}") = "SMSLibrary", "SMSLibrary\SMSLibrary.csproj", "{AAC01CC7-B44A-42F3-91DF-86F6A5B93AFA}"
EndProject
Project("{9A19103F-16F7-4668-BE54-9A1E7A4F7556}") = "Core.Shared", "Core.Shared\Core.Shared.csproj", "{1AF14DB4-9B1E-46F2-9AAD-3F289E59E606}"
EndProject
Project("{9A19103F-16F7-4668-BE54-9A1E7A4F7556}") = "SeleniumLib", "SeleniumLib\SeleniumLib.csproj", "{A513EE69-D36A-483D-A716-B8FB0994220E}"
EndProject
Project("{9A19103F-16F7-4668-BE54-9A1E7A4F7556}") = "OnPageSsoScoreServer", "OnPageSsoScoreServer\OnPageSsoScoreServer.csproj", "{D7C205A0-B98C-4C52-8815-BEF49067F1EB}"
EndProject
Project("{9A19103F-16F7-4668-BE54-9A1E7A4F7556}") = "ServerLib", "ServerLib\ServerLib.csproj", "{19654246-9529-4ABB-8BFA-2B2D1B6CCD3E}"
EndProject
Project("{9A19103F-16F7-4668-BE54-9A1E7A4F7556}") = "Core.Service", "Core.Service\Core.Service.csproj", "{C86774F9-BDDA-47AB-925B-D2723E972858}"
EndProject
Project("{9A19103F-16F7-4668-BE54-9A1E7A4F7556}") = "ArticleServer", "ArticleServer\ArticleServer.csproj", "{E5FBC4E7-9F6A-40D4-8035-855258F6FB91}"
EndProject
Project("{9A19103F-16F7-4668-BE54-9A1E7A4F7556}") = "AzureOpenAiLib", "AzureOpenAiLib\AzureOpenAiLib.csproj", "{6EAFE190-BE43-4ABF-8BB4-D669AEDD7EC7}"
EndProject
Project("{9A19103F-16F7-4668-BE54-9A1E7A4F7556}") = "Core.Api", "Core.Api\Core.Api.csproj", "{337DDDE2-7AD8-4EF7-A439-D8C250512C3C}"
EndProject
Project("{9A19103F-16F7-4668-BE54-9A1E7A4F7556}") = "ConnectToAi", "ConnectToAi\ConnectToAi.csproj", "{31530BF3-19D6-42B9-8AE5-1B743418E524}"
EndProject
Global
	GlobalSection(SolutionConfigurationPlatforms) = preSolution
		Debug|Any CPU = Debug|Any CPU
		Release|Any CPU = Release|Any CPU
	EndGlobalSection
	GlobalSection(ProjectConfigurationPlatforms) = postSolution
		{81E4A968-4AA6-4017-A2B9-B5006D1E1EED}.Debug|Any CPU.ActiveCfg = Debug|Any CPU
		{81E4A968-4AA6-4017-A2B9-B5006D1E1EED}.Debug|Any CPU.Build.0 = Debug|Any CPU
		{81E4A968-4AA6-4017-A2B9-B5006D1E1EED}.Release|Any CPU.ActiveCfg = Release|Any CPU
		{81E4A968-4AA6-4017-A2B9-B5006D1E1EED}.Release|Any CPU.Build.0 = Release|Any CPU
		{A3F38FF4-1DE5-4E7B-BCAD-E6BCE19B1D97}.Debug|Any CPU.ActiveCfg = Debug|Any CPU
		{A3F38FF4-1DE5-4E7B-BCAD-E6BCE19B1D97}.Debug|Any CPU.Build.0 = Debug|Any CPU
		{A3F38FF4-1DE5-4E7B-BCAD-E6BCE19B1D97}.Release|Any CPU.ActiveCfg = Release|Any CPU
		{A3F38FF4-1DE5-4E7B-BCAD-E6BCE19B1D97}.Release|Any CPU.Build.0 = Release|Any CPU
		{AAC01CC7-B44A-42F3-91DF-86F6A5B93AFA}.Debug|Any CPU.ActiveCfg = Debug|Any CPU
		{AAC01CC7-B44A-42F3-91DF-86F6A5B93AFA}.Debug|Any CPU.Build.0 = Debug|Any CPU
		{AAC01CC7-B44A-42F3-91DF-86F6A5B93AFA}.Release|Any CPU.ActiveCfg = Release|Any CPU
		{AAC01CC7-B44A-42F3-91DF-86F6A5B93AFA}.Release|Any CPU.Build.0 = Release|Any CPU
		{1AF14DB4-9B1E-46F2-9AAD-3F289E59E606}.Debug|Any CPU.ActiveCfg = Debug|Any CPU
		{1AF14DB4-9B1E-46F2-9AAD-3F289E59E606}.Debug|Any CPU.Build.0 = Debug|Any CPU
		{1AF14DB4-9B1E-46F2-9AAD-3F289E59E606}.Release|Any CPU.ActiveCfg = Release|Any CPU
		{1AF14DB4-9B1E-46F2-9AAD-3F289E59E606}.Release|Any CPU.Build.0 = Release|Any CPU
		{A513EE69-D36A-483D-A716-B8FB0994220E}.Debug|Any CPU.ActiveCfg = Debug|Any CPU
		{A513EE69-D36A-483D-A716-B8FB0994220E}.Debug|Any CPU.Build.0 = Debug|Any CPU
		{A513EE69-D36A-483D-A716-B8FB0994220E}.Release|Any CPU.ActiveCfg = Release|Any CPU
		{A513EE69-D36A-483D-A716-B8FB0994220E}.Release|Any CPU.Build.0 = Release|Any CPU
		{D7C205A0-B98C-4C52-8815-BEF49067F1EB}.Debug|Any CPU.ActiveCfg = Debug|Any CPU
		{D7C205A0-B98C-4C52-8815-BEF49067F1EB}.Debug|Any CPU.Build.0 = Debug|Any CPU
		{D7C205A0-B98C-4C52-8815-BEF49067F1EB}.Release|Any CPU.ActiveCfg = Release|Any CPU
		{D7C205A0-B98C-4C52-8815-BEF49067F1EB}.Release|Any CPU.Build.0 = Release|Any CPU
		{19654246-9529-4ABB-8BFA-2B2D1B6CCD3E}.Debug|Any CPU.ActiveCfg = Debug|Any CPU
		{19654246-9529-4ABB-8BFA-2B2D1B6CCD3E}.Debug|Any CPU.Build.0 = Debug|Any CPU
		{19654246-9529-4ABB-8BFA-2B2D1B6CCD3E}.Release|Any CPU.ActiveCfg = Release|Any CPU
		{19654246-9529-4ABB-8BFA-2B2D1B6CCD3E}.Release|Any CPU.Build.0 = Release|Any CPU
		{C86774F9-BDDA-47AB-925B-D2723E972858}.Debug|Any CPU.ActiveCfg = Debug|Any CPU
		{C86774F9-BDDA-47AB-925B-D2723E972858}.Debug|Any CPU.Build.0 = Debug|Any CPU
		{C86774F9-BDDA-47AB-925B-D2723E972858}.Release|Any CPU.ActiveCfg = Release|Any CPU
		{C86774F9-BDDA-47AB-925B-D2723E972858}.Release|Any CPU.Build.0 = Release|Any CPU
		{E5FBC4E7-9F6A-40D4-8035-855258F6FB91}.Debug|Any CPU.ActiveCfg = Debug|Any CPU
		{E5FBC4E7-9F6A-40D4-8035-855258F6FB91}.Debug|Any CPU.Build.0 = Debug|Any CPU
		{E5FBC4E7-9F6A-40D4-8035-855258F6FB91}.Release|Any CPU.ActiveCfg = Release|Any CPU
		{E5FBC4E7-9F6A-40D4-8035-855258F6FB91}.Release|Any CPU.Build.0 = Release|Any CPU
		{6EAFE190-BE43-4ABF-8BB4-D669AEDD7EC7}.Debug|Any CPU.ActiveCfg = Debug|Any CPU
		{6EAFE190-BE43-4ABF-8BB4-D669AEDD7EC7}.Debug|Any CPU.Build.0 = Debug|Any CPU
		{6EAFE190-BE43-4ABF-8BB4-D669AEDD7EC7}.Release|Any CPU.ActiveCfg = Release|Any CPU
		{6EAFE190-BE43-4ABF-8BB4-D669AEDD7EC7}.Release|Any CPU.Build.0 = Release|Any CPU
		{337DDDE2-7AD8-4EF7-A439-D8C250512C3C}.Debug|Any CPU.ActiveCfg = Debug|Any CPU
		{337DDDE2-7AD8-4EF7-A439-D8C250512C3C}.Debug|Any CPU.Build.0 = Debug|Any CPU
		{337DDDE2-7AD8-4EF7-A439-D8C250512C3C}.Release|Any CPU.ActiveCfg = Release|Any CPU
		{337DDDE2-7AD8-4EF7-A439-D8C250512C3C}.Release|Any CPU.Build.0 = Release|Any CPU
		{31530BF3-19D6-42B9-8AE5-1B743418E524}.Debug|Any CPU.ActiveCfg = Debug|Any CPU
		{31530BF3-19D6-42B9-8AE5-1B743418E524}.Debug|Any CPU.Build.0 = Debug|Any CPU
		{31530BF3-19D6-42B9-8AE5-1B743418E524}.Release|Any CPU.ActiveCfg = Release|Any CPU
		{31530BF3-19D6-42B9-8AE5-1B743418E524}.Release|Any CPU.Build.0 = Release|Any CPU
	EndGlobalSection
	GlobalSection(SolutionProperties) = preSolution
		HideSolutionNode = FALSE
	EndGlobalSection
	GlobalSection(ExtensibilityGlobals) = postSolution
		SolutionGuid = {9F4F21FD-9C41-45B5-B83E-37474F4CCB02}
	EndGlobalSection
EndGlobal
