
Microsoft Visual Studio Solution File, Format Version 12.00
# Visual Studio Version 17
VisualStudioVersion = 17.9.34728.123
MinimumVisualStudioVersion = 10.0.40219.1
Project("{9A19103F-16F7-4668-BE54-9A1E7A4F7556}") = "Core.Api", "Core.Api.csproj", "{50028C3B-7666-4F2F-83A8-45BF553E3B79}"
EndProject
Global
	GlobalSection(SolutionConfigurationPlatforms) = preSolution
		Debug|Any CPU = Debug|Any CPU
		Release|Any CPU = Release|Any CPU
	EndGlobalSection
	GlobalSection(ProjectConfigurationPlatforms) = postSolution
		{50028C3B-7666-4F2F-83A8-45BF553E3B79}.Debug|Any CPU.ActiveCfg = Debug|Any CPU
		{50028C3B-7666-4F2F-83A8-45BF553E3B79}.Debug|Any CPU.Build.0 = Debug|Any CPU
		{50028C3B-7666-4F2F-83A8-45BF553E3B79}.Release|Any CPU.ActiveCfg = Release|Any CPU
		{50028C3B-7666-4F2F-83A8-45BF553E3B79}.Release|Any CPU.Build.0 = Release|Any CPU
	EndGlobalSection
	GlobalSection(SolutionProperties) = preSolution
		HideSolutionNode = FALSE
	EndGlobalSection
	GlobalSection(ExtensibilityGlobals) = postSolution
		SolutionGuid = {1F043126-A074-4210-85B3-6524AAD66F23}
	EndGlobalSection
EndGlobal
